
Microsoft Visual Studio Solution File, Format Version 12.00
# Visual Studio Version 17
VisualStudioVersion = 17.8.34330.188
MinimumVisualStudioVersion = 10.0.40219.1
Project("{8BC9CEB8-8B4A-11D0-8D11-00A0C91BC942}") = "JDBG DLL", "JDBG DLL\JDBG DLL.vcxproj", "{D0FD50B6-FCBA-4061-BDB9-7D6CD907295F}"
EndProject
Global
	GlobalSection(SolutionConfigurationPlatforms) = preSolution
		Debug|Win32 = Debug|Win32
		Debug|x64 = Debug|x64
		Debug|x86 = Debug|x86
		Release|Win32 = Release|Win32
		Release|x64 = Release|x64
		Release|x86 = Release|x86
	EndGlobalSection
	GlobalSection(ProjectConfigurationPlatforms) = postSolution
		{D0FD50B6-FCBA-4061-BDB9-7D6CD907295F}.Debug|Win32.ActiveCfg = Debug|Win32
		{D0FD50B6-FCBA-4061-BDB9-7D6CD907295F}.Debug|Win32.Build.0 = Debug|Win32
		{D0FD50B6-FCBA-4061-BDB9-7D6CD907295F}.Debug|x64.ActiveCfg = Debug|x64
		{D0FD50B6-FCBA-4061-BDB9-7D6CD907295F}.Debug|x64.Build.0 = Debug|x64
		{D0FD50B6-FCBA-4061-BDB9-7D6CD907295F}.Debug|x86.ActiveCfg = Debug|Win32
		{D0FD50B6-FCBA-4061-BDB9-7D6CD907295F}.Debug|x86.Build.0 = Debug|Win32
		{D0FD50B6-FCBA-4061-BDB9-7D6CD907295F}.Release|Win32.ActiveCfg = Release|Win32
		{D0FD50B6-FCBA-4061-BDB9-7D6CD907295F}.Release|Win32.Build.0 = Release|Win32
		{D0FD50B6-FCBA-4061-BDB9-7D6CD907295F}.Release|x64.ActiveCfg = Release|x64
		{D0FD50B6-FCBA-4061-BDB9-7D6CD907295F}.Release|x64.Build.0 = Release|x64
		{D0FD50B6-FCBA-4061-BDB9-7D6CD907295F}.Release|x86.ActiveCfg = Release|Win32
		{D0FD50B6-FCBA-4061-BDB9-7D6CD907295F}.Release|x86.Build.0 = Release|Win32
	EndGlobalSection
	GlobalSection(SolutionProperties) = preSolution
		HideSolutionNode = FALSE
	EndGlobalSection
	GlobalSection(ExtensibilityGlobals) = postSolution
		SolutionGuid = {6B485C18-760E-4852-A89C-CBCFE90E217B}
	EndGlobalSection
EndGlobal
